# Lockfile v4
# This file is automatically generated by Wapm.
# It is not intended for manual editing. The schema of this file may change.
[modules."zicklag/ulid_cli"."0.1.1".ulid]
name = "ulid"
package_version = "0.1.1"
package_name = "zicklag/ulid_cli"
package_path = "zicklag/ulid_cli@0.1.1"
resolved = "local"
resolved_source = "local"
abi = "wasi"
source = "target/wasm32-wasi/release/ulid_cli.wasm"
[commands.ulid]
name = "ulid"
package_name = "zicklag/ulid_cli"
package_version = "0.1.1"
module = "ulid"
is_top_level_dependency = true
